// !$*UTF8*$!
{
	archiveVersion = 1;
	classes = {
	};
	objectVersion = 48;
	objects = {

/* Begin PBXBuildFile section */
		14400D2EDFD91D0AD7C306DC /* Pods_AFInstall.framework in Frameworks */ = {isa = PBXBuildFile; fileRef = 26C1267B62C8E8587E83DF04 /* Pods_AFInstall.framework */; };
		AE3EBC322051CD540006A3AF /* AppDelegate.swift in Sources */ = {isa = PBXBuildFile; fileRef = AE3EBC312051CD540006A3AF /* AppDelegate.swift */; };
		AE3EBC342051CD540006A3AF /* ViewController.swift in Sources */ = {isa = PBXBuildFile; fileRef = AE3EBC332051CD540006A3AF /* ViewController.swift */; };
		AE3EBC372051CD540006A3AF /* Main.storyboard in Resources */ = {isa = PBXBuildFile; fileRef = AE3EBC352051CD540006A3AF /* Main.storyboard */; };
		AE3EBC392051CD540006A3AF /* Assets.xcassets in Resources */ = {isa = PBXBuildFile; fileRef = AE3EBC382051CD540006A3AF /* Assets.xcassets */; };
		AE3EBC3C2051CD540006A3AF /* LaunchScreen.storyboard in Resources */ = {isa = PBXBuildFile; fileRef = AE3EBC3A2051CD540006A3AF /* LaunchScreen.storyboard */; };
/* End PBXBuildFile section */

/* Begin PBXFileReference section */
		26C1267B62C8E8587E83DF04 /* Pods_AFInstall.framework */ = {isa = PBXFileReference; explicitFileType = wrapper.framework; includeInIndex = 0; path = Pods_AFInstall.framework; sourceTree = BUILT_PRODUCTS_DIR; };
		58264B6FBAFF2ECDA1FDB644 /* Pods-AFInstall.debug.xcconfig */ = {isa = PBXFileReference; includeInIndex = 1; lastKnownFileType = text.xcconfig; name = "Pods-AFInstall.debug.xcconfig"; path = "Pods/Target Support Files/Pods-AFInstall/Pods-AFInstall.debug.xcconfig"; sourceTree = "<group>"; };
		AE3EBC2E2051CD540006A3AF /* AFInstall.app */ = {isa = PBXFileReference; explicitFileType = wrapper.application; includeInIndex = 0; path = AFInstall.app; sourceTree = BUILT_PRODUCTS_DIR; };
		AE3EBC312051CD540006A3AF /* AppDelegate.swift */ = {isa = PBXFileReference; lastKnownFileType = sourcecode.swift; path = AppDelegate.swift; sourceTree = "<group>"; };
		AE3EBC332051CD540006A3AF /* ViewController.swift */ = {isa = PBXFileReference; lastKnownFileType = sourcecode.swift; path = ViewController.swift; sourceTree = "<group>"; };
		AE3EBC362051CD540006A3AF /* Base */ = {isa = PBXFileReference; lastKnownFileType = file.storyboard; name = Base; path = Base.lproj/Main.storyboard; sourceTree = "<group>"; };
		AE3EBC382051CD540006A3AF /* Assets.xcassets */ = {isa = PBXFileReference; lastKnownFileType = folder.assetcatalog; path = Assets.xcassets; sourceTree = "<group>"; };
		AE3EBC3B2051CD540006A3AF /* Base */ = {isa = PBXFileReference; lastKnownFileType = file.storyboard; name = Base; path = Base.lproj/LaunchScreen.storyboard; sourceTree = "<group>"; };
		AE3EBC3D2051CD540006A3AF /* Info.plist */ = {isa = PBXFileReference; lastKnownFileType = text.plist.xml; path = Info.plist; sourceTree = "<group>"; };
		C2563BC00BF077CA037F576A /* Pods-AFInstall.release.xcconfig */ = {isa = PBXFileReference; includeInIndex = 1; lastKnownFileType = text.xcconfig; name = "Pods-AFInstall.release.xcconfig"; path = "Pods/Target Support Files/Pods-AFInstall/Pods-AFInstall.release.xcconfig"; sourceTree = "<group>"; };
/* End PBXFileReference section */

/* Begin PBXFrameworksBuildPhase section */
		AE3EBC2B2051CD540006A3AF /* Frameworks */ = {
			isa = PBXFrameworksBuildPhase;
			buildActionMask = 2147483647;
			files = (
				14400D2EDFD91D0AD7C306DC /* Pods_AFInstall.framework in Frameworks */,
			);
			runOnlyForDeploymentPostprocessing = 0;
		};
/* End PBXFrameworksBuildPhase section */

/* Begin PBXGroup section */
		735FA61279BC731794F5F389 /* Pods */ = {
			isa = PBXGroup;
			children = (
				58264B6FBAFF2ECDA1FDB644 /* Pods-AFInstall.debug.xcconfig */,
				C2563BC00BF077CA037F576A /* Pods-AFInstall.release.xcconfig */,
			);
			name = Pods;
			sourceTree = "<group>";
		};
		AE3EBC252051CD540006A3AF = {
			isa = PBXGroup;
			children = (
				AE3EBC302051CD540006A3AF /* AFInstall */,
				AE3EBC2F2051CD540006A3AF /* Products */,
				735FA61279BC731794F5F389 /* Pods */,
				B58D3AEF47ED89CCA3CC22FE /* Frameworks */,
			);
			sourceTree = "<group>";
		};
		AE3EBC2F2051CD540006A3AF /* Products */ = {
			isa = PBXGroup;
			children = (
				AE3EBC2E2051CD540006A3AF /* AFInstall.app */,
			);
			name = Products;
			sourceTree = "<group>";
		};
		AE3EBC302051CD540006A3AF /* AFInstall */ = {
			isa = PBXGroup;
			children = (
				AE3EBC312051CD540006A3AF /* AppDelegate.swift */,
				AE3EBC332051CD540006A3AF /* ViewController.swift */,
				AE3EBC352051CD540006A3AF /* Main.storyboard */,
				AE3EBC382051CD540006A3AF /* Assets.xcassets */,
				AE3EBC3A2051CD540006A3AF /* LaunchScreen.storyboard */,
				AE3EBC3D2051CD540006A3AF /* Info.plist */,
			);
			path = AFInstall;
			sourceTree = "<group>";
		};
		B58D3AEF47ED89CCA3CC22FE /* Frameworks */ = {
			isa = PBXGroup;
			children = (
				26C1267B62C8E8587E83DF04 /* Pods_AFInstall.framework */,
			);
			name = Frameworks;
			sourceTree = "<group>";
		};
/* End PBXGroup section */

/* Begin PBXNativeTarget section */
		AE3EBC2D2051CD540006A3AF /* AFInstall */ = {
			isa = PBXNativeTarget;
			buildConfigurationList = AE3EBC402051CD540006A3AF /* Build configuration list for PBXNativeTarget "AFInstall" */;
			buildPhases = (
				2E3E2DE1643B06D35B3288A4 /* [CP] Check Pods Manifest.lock */,
				AE3EBC2A2051CD540006A3AF /* Sources */,
				AE3EBC2B2051CD540006A3AF /* Frameworks */,
				AE3EBC2C2051CD540006A3AF /* Resources */,
				FEB316EB7F512E6AE46ED404 /* [CP] Embed Pods Frameworks */,
				01313928AB635EC5939B19B2 /* [CP] Copy Pods Resources */,
			);
			buildRules = (
			);
			dependencies = (
			);
			name = AFInstall;
			productName = AFInstall;
			productReference = AE3EBC2E2051CD540006A3AF /* AFInstall.app */;
			productType = "com.apple.product-type.application";
		};
/* End PBXNativeTarget section */

/* Begin PBXProject section */
		AE3EBC262051CD540006A3AF /* Project object */ = {
			isa = PBXProject;
			attributes = {
				LastSwiftUpdateCheck = 0920;
				LastUpgradeCheck = 0920;
				ORGANIZATIONNAME = "Adam Israfil";
				TargetAttributes = {
					AE3EBC2D2051CD540006A3AF = {
						CreatedOnToolsVersion = 9.2;
						ProvisioningStyle = Automatic;
					};
				};
			};
			buildConfigurationList = AE3EBC292051CD540006A3AF /* Build configuration list for PBXProject "AFInstall" */;
			compatibilityVersion = "Xcode 8.0";
			developmentRegion = en;
			hasScannedForEncodings = 0;
			knownRegions = (
				en,
				Base,
			);
			mainGroup = AE3EBC252051CD540006A3AF;
			productRefGroup = AE3EBC2F2051CD540006A3AF /* Products */;
			projectDirPath = "";
			projectRoot = "";
			targets = (
				AE3EBC2D2051CD540006A3AF /* AFInstall */,
			);
		};
/* End PBXProject section */

/* Begin PBXResourcesBuildPhase section */
		AE3EBC2C2051CD540006A3AF /* Resources */ = {
			isa = PBXResourcesBuildPhase;
			buildActionMask = 2147483647;
			files = (
				AE3EBC3C2051CD540006A3AF /* LaunchScreen.storyboard in Resources */,
				AE3EBC392051CD540006A3AF /* Assets.xcassets in Resources */,
				AE3EBC372051CD540006A3AF /* Main.storyboard in Resources */,
			);
			runOnlyForDeploymentPostprocessing = 0;
		};
/* End PBXResourcesBuildPhase section */

/* Begin PBXShellScriptBuildPhase section */
		01313928AB635EC5939B19B2 /* [CP] Copy Pods Resources */ = {
			isa = PBXShellScriptBuildPhase;
			buildActionMask = 2147483647;
			files = (
			);
			inputPaths = (
			);
			name = "[CP] Copy Pods Resources";
			outputPaths = (
			);
			runOnlyForDeploymentPostprocessing = 0;
			shellPath = /bin/sh;
			shellScript = "\"${SRCROOT}/Pods/Target Support Files/Pods-AFInstall/Pods-AFInstall-resources.sh\"\n";
			showEnvVarsInLog = 0;
		};
		2E3E2DE1643B06D35B3288A4 /* [CP] Check Pods Manifest.lock */ = {
			isa = PBXShellScriptBuildPhase;
			buildActionMask = 2147483647;
			files = (
			);
			inputPaths = (
				"${PODS_PODFILE_DIR_PATH}/Podfile.lock",
				"${PODS_ROOT}/Manifest.lock",
			);
			name = "[CP] Check Pods Manifest.lock";
			outputPaths = (
				"$(DERIVED_FILE_DIR)/Pods-AFInstall-checkManifestLockResult.txt",
			);
			runOnlyForDeploymentPostprocessing = 0;
			shellPath = /bin/sh;
			shellScript = "diff \"${PODS_PODFILE_DIR_PATH}/Podfile.lock\" \"${PODS_ROOT}/Manifest.lock\" > /dev/null\nif [ $? != 0 ] ; then\n    # print error to STDERR\n    echo \"error: The sandbox is not in sync with the Podfile.lock. Run 'pod install' or update your CocoaPods installation.\" >&2\n    exit 1\nfi\n# This output is used by Xcode 'outputs' to avoid re-running this script phase.\necho \"SUCCESS\" > \"${SCRIPT_OUTPUT_FILE_0}\"\n";
			showEnvVarsInLog = 0;
		};
		FEB316EB7F512E6AE46ED404 /* [CP] Embed Pods Frameworks */ = {
			isa = PBXShellScriptBuildPhase;
			buildActionMask = 2147483647;
			files = (
			);
			inputPaths = (
				"${SRCROOT}/Pods/Target Support Files/Pods-AFInstall/Pods-AFInstall-frameworks.sh",
				"${BUILT_PRODUCTS_DIR}/Alamofire/Alamofire.framework",
			);
			name = "[CP] Embed Pods Frameworks";
			outputPaths = (
				"${TARGET_BUILD_DIR}/${FRAMEWORKS_FOLDER_PATH}/Alamofire.framework",
			);
			runOnlyForDeploymentPostprocessing = 0;
			shellPath = /bin/sh;
			shellScript = "\"${SRCROOT}/Pods/Target Support Files/Pods-AFInstall/Pods-AFInstall-frameworks.sh\"\n";
			showEnvVarsInLog = 0;
		};
/* End PBXShellScriptBuildPhase section */

/* Begin PBXSourcesBuildPhase section */
		AE3EBC2A2051CD540006A3AF /* Sources */ = {
			isa = PBXSourcesBuildPhase;
			buildActionMask = 2147483647;
			files = (
				AE3EBC342051CD540006A3AF /* ViewController.swift in Sources */,
				AE3EBC322051CD540006A3AF /* AppDelegate.swift in Sources */,
			);
			runOnlyForDeploymentPostprocessing = 0;
		};
/* End PBXSourcesBuildPhase section */

/* Begin PBXVariantGroup section */
		AE3EBC352051CD540006A3AF /* Main.storyboard */ = {
			isa = PBXVariantGroup;
			children = (
				AE3EBC362051CD540006A3AF /* Base */,
			);
			name = Main.storyboard;
			sourceTree = "<group>";
		};
		AE3EBC3A2051CD540006A3AF /* LaunchScreen.storyboard */ = {
			isa = PBXVariantGroup;
			children = (
				AE3EBC3B2051CD540006A3AF /* Base */,
			);
			name = LaunchScreen.storyboard;
			sourceTree = "<group>";
		};
/* End PBXVariantGroup section */

/* Begin XCBuildConfiguration section */
		AE3EBC3E2051CD540006A3AF /* Debug */ = {
			isa = XCBuildConfiguration;
			buildSettings = {
				ALWAYS_SEARCH_USER_PATHS = NO;
				CLANG_ANALYZER_NONNULL = YES;
				CLANG_ANALYZER_NUMBER_OBJECT_CONVERSION = YES_AGGRESSIVE;
				CLANG_CXX_LANGUAGE_STANDARD = "gnu++14";
				CLANG_CXX_LIBRARY = "libc++";
				CLANG_ENABLE_MODULES = YES;
				CLANG_ENABLE_OBJC_ARC = YES;
				CLANG_WARN_BLOCK_CAPTURE_AUTORELEASING = YES;
				CLANG_WARN_BOOL_CONVERSION = YES;
				CLANG_WARN_COMMA = YES;
				CLANG_WARN_CONSTANT_CONVERSION = YES;
				CLANG_WARN_DIRECT_OBJC_ISA_USAGE = YES_ERROR;
				CLANG_WARN_DOCUMENTATION_COMMENTS = YES;
				CLANG_WARN_EMPTY_BODY = YES;
				CLANG_WARN_ENUM_CONVERSION = YES;
				CLANG_WARN_INFINITE_RECURSION = YES;
				CLANG_WARN_INT_CONVERSION = YES;
				CLANG_WARN_NON_LITERAL_NULL_CONVERSION = YES;
				CLANG_WARN_OBJC_LITERAL_CONVERSION = YES;
				CLANG_WARN_OBJC_ROOT_CLASS = YES_ERROR;
				CLANG_WARN_RANGE_LOOP_ANALYSIS = YES;
				CLANG_WARN_STRICT_PROTOTYPES = YES;
				CLANG_WARN_SUSPICIOUS_MOVE = YES;
				CLANG_WARN_UNGUARDED_AVAILABILITY = YES_AGGRESSIVE;
				CLANG_WARN_UNREACHABLE_CODE = YES;
				CLANG_WARN__DUPLICATE_METHOD_MATCH = YES;
				CODE_SIGN_IDENTITY = "iPhone Developer";
				COPY_PHASE_STRIP = NO;
				DEBUG_INFORMATION_FORMAT = dwarf;
				ENABLE_STRICT_OBJC_MSGSEND = YES;
				ENABLE_TESTABILITY = YES;
				GCC_C_LANGUAGE_STANDARD = gnu11;
				GCC_DYNAMIC_NO_PIC = NO;
				GCC_NO_COMMON_BLOCKS = YES;
				GCC_OPTIMIZATION_LEVEL = 0;
				GCC_PREPROCESSOR_DEFINITIONS = (
					"DEBUG=1",
					"$(inherited)",
				);
				GCC_WARN_64_TO_32_BIT_CONVERSION = YES;
				GCC_WARN_ABOUT_RETURN_TYPE = YES_ERROR;
				GCC_WARN_UNDECLARED_SELECTOR = YES;
				GCC_WARN_UNINITIALIZED_AUTOS = YES_AGGRESSIVE;
				GCC_WARN_UNUSED_FUNCTION = YES;
				GCC_WARN_UNUSED_VARIABLE = YES;
				IPHONEOS_DEPLOYMENT_TARGET = 11.2;
				MTL_ENABLE_DEBUG_INFO = YES;
				ONLY_ACTIVE_ARCH = YES;
				SDKROOT = iphoneos;
				SWIFT_ACTIVE_COMPILATION_CONDITIONS = DEBUG;
				SWIFT_OPTIMIZATION_LEVEL = "-Onone";
			};
			name = Debug;
		};
		AE3EBC3F2051CD540006A3AF /* Release */ = {
			isa = XCBuildConfiguration;
			buildSettings = {
				ALWAYS_SEARCH_USER_PATHS = NO;
				CLANG_ANALYZER_NONNULL = YES;
				CLANG_ANALYZER_NUMBER_OBJECT_CONVERSION = YES_AGGRESSIVE;
				CLANG_CXX_LANGUAGE_STANDARD = "gnu++14";
				CLANG_CXX_LIBRARY = "libc++";
				CLANG_ENABLE_MODULES = YES;
				CLANG_ENABLE_OBJC_ARC = YES;
				CLANG_WARN_BLOCK_CAPTURE_AUTORELEASING = YES;
				CLANG_WARN_BOOL_CONVERSION = YES;
				CLANG_WARN_COMMA = YES;
				CLANG_WARN_CONSTANT_CONVERSION = YES;
				CLANG_WARN_DIRECT_OBJC_ISA_USAGE = YES_ERROR;
				CLANG_WARN_DOCUMENTATION_COMMENTS = YES;
				CLANG_WARN_EMPTY_BODY = YES;
				CLANG_WARN_ENUM_CONVERSION = YES;
				CLANG_WARN_INFINITE_RECURSION = YES;
				CLANG_WARN_INT_CONVERSION = YES;
				CLANG_WARN_NON_LITERAL_NULL_CONVERSION = YES;
				CLANG_WARN_OBJC_LITERAL_CONVERSION = YES;
				CLANG_WARN_OBJC_ROOT_CLASS = YES_ERROR;
				CLANG_WARN_RANGE_LOOP_ANALYSIS = YES;
				CLANG_WARN_STRICT_PROTOTYPES = YES;
				CLANG_WARN_SUSPICIOUS_MOVE = YES;
				CLANG_WARN_UNGUARDED_AVAILABILITY = YES_AGGRESSIVE;
				CLANG_WARN_UNREACHABLE_CODE = YES;
				CLANG_WARN__DUPLICATE_METHOD_MATCH = YES;
				CODE_SIGN_IDENTITY = "iPhone Developer";
				COPY_PHASE_STRIP = NO;
				DEBUG_INFORMATION_FORMAT = "dwarf-with-dsym";
				ENABLE_NS_ASSERTIONS = NO;
				ENABLE_STRICT_OBJC_MSGSEND = YES;
				GCC_C_LANGUAGE_STANDARD = gnu11;
				GCC_NO_COMMON_BLOCKS = YES;
				GCC_WARN_64_TO_32_BIT_CONVERSION = YES;
				GCC_WARN_ABOUT_RETURN_TYPE = YES_ERROR;
				GCC_WARN_UNDECLARED_SELECTOR = YES;
				GCC_WARN_UNINITIALIZED_AUTOS = YES_AGGRESSIVE;
				GCC_WARN_UNUSED_FUNCTION = YES;
				GCC_WARN_UNUSED_VARIABLE = YES;
				IPHONEOS_DEPLOYMENT_TARGET = 11.2;
				MTL_ENABLE_DEBUG_INFO = NO;
				SDKROOT = iphoneos;
				SWIFT_OPTIMIZATION_LEVEL = "-Owholemodule";
				VALIDATE_PRODUCT = YES;
			};
			name = Release;
		};
		AE3EBC412051CD540006A3AF /* Debug */ = {
			isa = XCBuildConfiguration;
			baseConfigurationReference = 58264B6FBAFF2ECDA1FDB644 /* Pods-AFInstall.debug.xcconfig */;
			buildSettings = {
				ASSETCATALOG_COMPILER_APPICON_NAME = AppIcon;
				CODE_SIGN_STYLE = Automatic;
				DEVELOPMENT_TEAM = 5786MD6437;
				INFOPLIST_FILE = AFInstall/Info.plist;
				LD_RUNPATH_SEARCH_PATHS = "$(inherited) @executable_path/Frameworks";
				PRODUCT_BUNDLE_IDENTIFIER = com.adamisrafil.AFInstall;
				PRODUCT_NAME = "$(TARGET_NAME)";
				SWIFT_VERSION = 4.0;
				TARGETED_DEVICE_FAMILY = "1,2";
			};
			name = Debug;
		};
		AE3EBC422051CD540006A3AF /* Release */ = {
			isa = XCBuildConfiguration;
			baseConfigurationReference = C2563BC00BF077CA037F576A /* Pods-AFInstall.release.xcconfig */;
			buildSettings = {
				ASSETCATALOG_COMPILER_APPICON_NAME = AppIcon;
				CODE_SIGN_STYLE = Automatic;
				DEVELOPMENT_TEAM = 5786MD6437;
				INFOPLIST_FILE = AFInstall/Info.plist;
				LD_RUNPATH_SEARCH_PATHS = "$(inherited) @executable_path/Frameworks";
				PRODUCT_BUNDLE_IDENTIFIER = com.adamisrafil.AFInstall;
				PRODUCT_NAME = "$(TARGET_NAME)";
				SWIFT_VERSION = 4.0;
				TARGETED_DEVICE_FAMILY = "1,2";
			};
			name = Release;
		};
/* End XCBuildConfiguration section */

/* Begin XCConfigurationList section */
		AE3EBC292051CD540006A3AF /* Build configuration list for PBXProject "AFInstall" */ = {
			isa = XCConfigurationList;
			buildConfigurations = (
				AE3EBC3E2051CD540006A3AF /* Debug */,
				AE3EBC3F2051CD540006A3AF /* Release */,
			);
			defaultConfigurationIsVisible = 0;
			defaultConfigurationName = Release;
		};
		AE3EBC402051CD540006A3AF /* Build configuration list for PBXNativeTarget "AFInstall" */ = {
			isa = XCConfigurationList;
			buildConfigurations = (
				AE3EBC412051CD540006A3AF /* Debug */,
				AE3EBC422051CD540006A3AF /* Release */,
			);
			defaultConfigurationIsVisible = 0;
			defaultConfigurationName = Release;
		};
/* End XCConfigurationList section */
	};
	rootObject = AE3EBC262051CD540006A3AF /* Project object */;
}
